github.com/azizjon12/bank v0.0.0-20211229033340-69fa7e608446 h1:p3kj71PMht9XQ3B4WOM48caRzwewCEoAnMAoicFsXZo=
github.com/azizjon12/bank v0.0.0-20211229033340-69fa7e608446/go.mod h1:L9f+FGHR98C0Et0jXi9PKGDOgCOP+WfTCcXvu+pfNR0=
github.com/azizjon12/bank v0.0.0-20211229034821-e47aefadcd52 h1:8BV0ROtirpXM7jdZ/YAjMt8yfW5OYYxnIDrwHYm693c=
github.com/azizjon12/bank v0.0.0-20211229034821-e47aefadcd52/go.mod h1:L9f+FGHR98C0Et0jXi9PKGDOgCOP+WfTCcXvu+pfNR0=
github.com/azizjon12/bank v0.0.0-20211229035559-e45c195d899f h1:jRP5N4wytIU3g+JMkmE7mDvhChKU445jUU8q4Pa2UAU=
github.com/azizjon12/bank v0.0.0-20211229035559-e45c195d899f/go.mod h1:L9f+FGHR98C0Et0jXi9PKGDOgCOP+WfTCcXvu+pfNR0=
